{
  "name": "aws-node-http-api",
  "version": "1.0.0",
  "lockfileVersion": 2,
  "requires": true,
  "packages": {
    "": {
      "name": "aws-node-http-api",
      "version": "1.0.0",
      "license": "ISC",
      "dependencies": {
        "centra": "^2.6.0"
      }
    },
    "node_modules/centra": {
      "version": "2.6.0",
      "resolved": "https://registry.npmjs.org/centra/-/centra-2.6.0.tgz",
      "integrity": "sha512-dgh+YleemrT8u85QL11Z6tYhegAs3MMxsaWAq/oXeAmYJ7VxL3SI9TZtnfaEvNDMAPolj25FXIb3S+HCI4wQaQ=="
    }
  },
  "dependencies": {
    "centra": {
      "version": "2.6.0",
      "resolved": "https://registry.npmjs.org/centra/-/centra-2.6.0.tgz",
      "integrity": "sha512-dgh+YleemrT8u85QL11Z6tYhegAs3MMxsaWAq/oXeAmYJ7VxL3SI9TZtnfaEvNDMAPolj25FXIb3S+HCI4wQaQ=="
    }
  }
}
